{
    "_readme": [
        "This file locks the dependencies of your project to a known state",
        "Read more about it at https://getcomposer.org/doc/01-basic-usage.md#composer-lock-the-lock-file",
        "This file is @generated automatically"
    ],
    "content-hash": "4cfefad60de5c3ed8b17a90b144336c8",
    "packages": [
        {
            "name": "leadhub/common",
            "version": "v0.0.7",
            "source": {
                "type": "git",
                "url": "https://github.com/leadhub/common.git",
                "reference": "9b3fb455d5e4082bdad29da901ba4e6fde18ce23"
            },
            "dist": {
                "type": "zip",
                "url": "https://api.github.com/repos/leadhub/common/zipball/9b3fb455d5e4082bdad29da901ba4e6fde18ce23",
                "reference": "9b3fb455d5e4082bdad29da901ba4e6fde18ce23",
                "shasum": ""
            },
            "type": "wordpress-plugin",
            "autoload": {
                "psr-4": {
                    "Leadhub\\": "src/"
                }
            },
            "notification-url": "https://packagist.org/downloads/",
            "license": [
                "GPL"
            ],
            "authors": [
                {
                    "name": "Richard",
                    "email": "richard@leadhub.net"
                }
            ],
            "description": "Common functionality for LEADHUB theme and plugin developers.",
            "time": "2017-06-22T19:27:01+00:00"
        }
    ],
    "packages-dev": [],
    "aliases": [],
    "minimum-stability": "dev",
    "stability-flags": [],
    "prefer-stable": false,
    "prefer-lowest": false,
    "platform": [],
    "platform-dev": []
}
