{
    "_readme": [
        "This file locks the dependencies of your project to a known state",
        "Read more about it at https://getcomposer.org/doc/01-basic-usage.md#composer-lock-the-lock-file",
        "This file is @generated automatically"
    ],
    "content-hash": "e2e82340e8223ac89fe7da0e721c36ab",
    "packages": [
        {
            "name": "leadhub/common",
            "version": "0.0.6",
            "source": {
                "type": "git",
                "url": "https://github.com/leadhub/common.git",
                "reference": "a358ba9c69b375e11c9ae1e186a846bb7037258b"
            },
            "dist": {
                "type": "zip",
                "url": "https://api.github.com/repos/leadhub/common/zipball/a358ba9c69b375e11c9ae1e186a846bb7037258b",
                "reference": "a358ba9c69b375e11c9ae1e186a846bb7037258b",
                "shasum": ""
            },
            "type": "wordpress-plugin",
            "autoload": {
                "psr-4": {
                    "Leadhub\\": "src/"
                }
            },
            "notification-url": "https://packagist.org/downloads/",
            "license": [
                "GPL"
            ],
            "authors": [
                {
                    "name": "Richard",
                    "email": "richard@leadhub.net"
                }
            ],
            "description": "Common functionality for LEADHUB theme and plugin developers.",
            "time": "2017-06-22T16:38:39+00:00"
        }
    ],
    "packages-dev": [],
    "aliases": [],
    "minimum-stability": "dev",
    "stability-flags": [],
    "prefer-stable": false,
    "prefer-lowest": false,
    "platform": [],
    "platform-dev": []
}
